// !$*UTF8*$!
{
	archiveVersion = 1;
	classes = {
	};
	objectVersion = 50;
	objects = {

/* Begin PBXBuildFile section */
		2018F90628171ACB00FF7424 /* EndPoints.swift in Sources */ = {isa = PBXBuildFile; fileRef = 2018F90528171ACB00FF7424 /* EndPoints.swift */; };
		2018F90B28171C2C00FF7424 /* ApiResponseState.swift in Sources */ = {isa = PBXBuildFile; fileRef = 2018F90A28171C2C00FF7424 /* ApiResponseState.swift */; };
		2018F911281737AE00FF7424 /* BuildCoinImage.swift in Sources */ = {isa = PBXBuildFile; fileRef = 2018F910281737AE00FF7424 /* BuildCoinImage.swift */; };
		202F96B2281563C600CF7330 /* CryptoTrackerApp.swift in Sources */ = {isa = PBXBuildFile; fileRef = 202F96B1281563C600CF7330 /* CryptoTrackerApp.swift */; };
		202F96B4281563C600CF7330 /* ContentView.swift in Sources */ = {isa = PBXBuildFile; fileRef = 202F96B3281563C600CF7330 /* ContentView.swift */; };
		202F96B9281563C800CF7330 /* Preview Assets.xcassets in Resources */ = {isa = PBXBuildFile; fileRef = 202F96B8281563C800CF7330 /* Preview Assets.xcassets */; };
		202F96C9281565D400CF7330 /* Assets.xcassets in Resources */ = {isa = PBXBuildFile; fileRef = 202F96C8281565D400CF7330 /* Assets.xcassets */; };
		202F96D72815665800CF7330 /* Color.swift in Sources */ = {isa = PBXBuildFile; fileRef = 202F96D12815665800CF7330 /* Color.swift */; };
		202F96DC2815669300CF7330 /* MarketDataModel.swift in Sources */ = {isa = PBXBuildFile; fileRef = 202F96D92815669300CF7330 /* MarketDataModel.swift */; };
		202F96DD2815669300CF7330 /* CoinModel.swift in Sources */ = {isa = PBXBuildFile; fileRef = 202F96DA2815669300CF7330 /* CoinModel.swift */; };
		202F96DE2815669300CF7330 /* CoinDetailModel.swift in Sources */ = {isa = PBXBuildFile; fileRef = 202F96DB2815669300CF7330 /* CoinDetailModel.swift */; };
		202F96E2281566BF00CF7330 /* PortfolioContainer.xcdatamodeld in Sources */ = {isa = PBXBuildFile; fileRef = 202F96E0281566BF00CF7330 /* PortfolioContainer.xcdatamodeld */; };
		202F96F728156C6100CF7330 /* HomeScreen.swift in Sources */ = {isa = PBXBuildFile; fileRef = 202F96F628156C6100CF7330 /* HomeScreen.swift */; };
		202F96FE2815705600CF7330 /* BuildCircleButton.swift in Sources */ = {isa = PBXBuildFile; fileRef = 202F96FD2815705600CF7330 /* BuildCircleButton.swift */; };
		202F97012815743700CF7330 /* BuildCircleButtonAnimation.swift in Sources */ = {isa = PBXBuildFile; fileRef = 202F97002815743700CF7330 /* BuildCircleButtonAnimation.swift */; };
		20370F15281C1DF800683480 /* PortfolioScreen.swift in Sources */ = {isa = PBXBuildFile; fileRef = 20370F14281C1DF800683480 /* PortfolioScreen.swift */; };
		20370F18281C23E200683480 /* XMarkButton.swift in Sources */ = {isa = PBXBuildFile; fileRef = 20370F17281C23E200683480 /* XMarkButton.swift */; };
		20370F1B281C290200683480 /* CoinLogo.swift in Sources */ = {isa = PBXBuildFile; fileRef = 20370F1A281C290200683480 /* CoinLogo.swift */; };
		2061C9BC28173AEE00AEEFDD /* ImageService.swift in Sources */ = {isa = PBXBuildFile; fileRef = 2061C9BB28173AEE00AEEFDD /* ImageService.swift */; };
		2061C9C028173D8400AEEFDD /* BuildCoinImageViewModel.swift in Sources */ = {isa = PBXBuildFile; fileRef = 2061C9BF28173D8400AEEFDD /* BuildCoinImageViewModel.swift */; };
		206D46BE281582F500A9C176 /* PreviewProvider.swift in Sources */ = {isa = PBXBuildFile; fileRef = 206D46BD281582F500A9C176 /* PreviewProvider.swift */; };
		206D46C1281587CC00A9C176 /* CoinRowView.swift in Sources */ = {isa = PBXBuildFile; fileRef = 206D46C0281587CC00A9C176 /* CoinRowView.swift */; };
		206D46C428158CCC00A9C176 /* Double.swift in Sources */ = {isa = PBXBuildFile; fileRef = 206D46C328158CCC00A9C176 /* Double.swift */; };
		20D6C9A02816D225008A377B /* CoinDataService.swift in Sources */ = {isa = PBXBuildFile; fileRef = 20D6C99F2816D225008A377B /* CoinDataService.swift */; };
		20D6C9AE2816DC28008A377B /* ApiError.swift in Sources */ = {isa = PBXBuildFile; fileRef = 20D6C9AD2816DC28008A377B /* ApiError.swift */; };
		20E8C7C12816AB9000530F1D /* HomeScreenViewModel.swift in Sources */ = {isa = PBXBuildFile; fileRef = 20E8C7C02816AB9000530F1D /* HomeScreenViewModel.swift */; };
		20F1CCEC28189EA8007AC178 /* SearchBarView.swift in Sources */ = {isa = PBXBuildFile; fileRef = 20F1CCEB28189EA8007AC178 /* SearchBarView.swift */; };
		20F1CCEF2818A397007AC178 /* UIApplicationExtension.swift in Sources */ = {isa = PBXBuildFile; fileRef = 20F1CCEE2818A397007AC178 /* UIApplicationExtension.swift */; };
		20F1CCF52818AFD5007AC178 /* StatisticsModel.swift in Sources */ = {isa = PBXBuildFile; fileRef = 20F1CCF42818AFD5007AC178 /* StatisticsModel.swift */; };
		20F1CCF82818B124007AC178 /* StatisticsView.swift in Sources */ = {isa = PBXBuildFile; fileRef = 20F1CCF72818B124007AC178 /* StatisticsView.swift */; };
		20F1CCFB2818B485007AC178 /* HomeStatsScreen.swift in Sources */ = {isa = PBXBuildFile; fileRef = 20F1CCFA2818B485007AC178 /* HomeStatsScreen.swift */; };
		20F1CD022818BB29007AC178 /* MarketDataService.swift in Sources */ = {isa = PBXBuildFile; fileRef = 20F1CD012818BB29007AC178 /* MarketDataService.swift */; };
		20F44505281707B800CA05B6 /* NetworkServiceProtocol.swift in Sources */ = {isa = PBXBuildFile; fileRef = 20F44504281707B800CA05B6 /* NetworkServiceProtocol.swift */; };
		20F44508281708C200CA05B6 /* NetworkService.swift in Sources */ = {isa = PBXBuildFile; fileRef = 20F44507281708C200CA05B6 /* NetworkService.swift */; };
		20FA79C62818362C00F94E33 /* LocalFileManager.swift in Sources */ = {isa = PBXBuildFile; fileRef = 20FA79C52818362C00F94E33 /* LocalFileManager.swift */; };
/* End PBXBuildFile section */

/* Begin PBXFileReference section */
		2018F90528171ACB00FF7424 /* EndPoints.swift */ = {isa = PBXFileReference; lastKnownFileType = sourcecode.swift; path = EndPoints.swift; sourceTree = "<group>"; };
		2018F90A28171C2C00FF7424 /* ApiResponseState.swift */ = {isa = PBXFileReference; lastKnownFileType = sourcecode.swift; path = ApiResponseState.swift; sourceTree = "<group>"; };
		2018F910281737AE00FF7424 /* BuildCoinImage.swift */ = {isa = PBXFileReference; lastKnownFileType = sourcecode.swift; path = BuildCoinImage.swift; sourceTree = "<group>"; };
		202F96AE281563C600CF7330 /* CryptoTracker.app */ = {isa = PBXFileReference; explicitFileType = wrapper.application; includeInIndex = 0; path = CryptoTracker.app; sourceTree = BUILT_PRODUCTS_DIR; };
		202F96B1281563C600CF7330 /* CryptoTrackerApp.swift */ = {isa = PBXFileReference; lastKnownFileType = sourcecode.swift; path = CryptoTrackerApp.swift; sourceTree = "<group>"; };
		202F96B3281563C600CF7330 /* ContentView.swift */ = {isa = PBXFileReference; lastKnownFileType = sourcecode.swift; path = ContentView.swift; sourceTree = "<group>"; };
		202F96B8281563C800CF7330 /* Preview Assets.xcassets */ = {isa = PBXFileReference; lastKnownFileType = folder.assetcatalog; path = "Preview Assets.xcassets"; sourceTree = "<group>"; };
		202F96BA281563C800CF7330 /* Info.plist */ = {isa = PBXFileReference; lastKnownFileType = text.plist.xml; path = Info.plist; sourceTree = "<group>"; };
		202F96C8281565D400CF7330 /* Assets.xcassets */ = {isa = PBXFileReference; lastKnownFileType = folder.assetcatalog; path = Assets.xcassets; sourceTree = "<group>"; };
		202F96D12815665800CF7330 /* Color.swift */ = {isa = PBXFileReference; fileEncoding = 4; lastKnownFileType = sourcecode.swift; path = Color.swift; sourceTree = "<group>"; };
		202F96D92815669300CF7330 /* MarketDataModel.swift */ = {isa = PBXFileReference; fileEncoding = 4; lastKnownFileType = sourcecode.swift; path = MarketDataModel.swift; sourceTree = "<group>"; };
		202F96DA2815669300CF7330 /* CoinModel.swift */ = {isa = PBXFileReference; fileEncoding = 4; lastKnownFileType = sourcecode.swift; path = CoinModel.swift; sourceTree = "<group>"; };
		202F96DB2815669300CF7330 /* CoinDetailModel.swift */ = {isa = PBXFileReference; fileEncoding = 4; lastKnownFileType = sourcecode.swift; path = CoinDetailModel.swift; sourceTree = "<group>"; };
		202F96E1281566BF00CF7330 /* PortfolioContainer.xcdatamodel */ = {isa = PBXFileReference; lastKnownFileType = wrapper.xcdatamodel; path = PortfolioContainer.xcdatamodel; sourceTree = "<group>"; };
		202F96F628156C6100CF7330 /* HomeScreen.swift */ = {isa = PBXFileReference; lastKnownFileType = sourcecode.swift; path = HomeScreen.swift; sourceTree = "<group>"; };
		202F96FD2815705600CF7330 /* BuildCircleButton.swift */ = {isa = PBXFileReference; lastKnownFileType = sourcecode.swift; path = BuildCircleButton.swift; sourceTree = "<group>"; };
		202F97002815743700CF7330 /* BuildCircleButtonAnimation.swift */ = {isa = PBXFileReference; lastKnownFileType = sourcecode.swift; path = BuildCircleButtonAnimation.swift; sourceTree = "<group>"; };
		20370F14281C1DF800683480 /* PortfolioScreen.swift */ = {isa = PBXFileReference; lastKnownFileType = sourcecode.swift; path = PortfolioScreen.swift; sourceTree = "<group>"; };
		20370F17281C23E200683480 /* XMarkButton.swift */ = {isa = PBXFileReference; lastKnownFileType = sourcecode.swift; path = XMarkButton.swift; sourceTree = "<group>"; };
		20370F1A281C290200683480 /* CoinLogo.swift */ = {isa = PBXFileReference; lastKnownFileType = sourcecode.swift; path = CoinLogo.swift; sourceTree = "<group>"; };
		2061C9BB28173AEE00AEEFDD /* ImageService.swift */ = {isa = PBXFileReference; lastKnownFileType = sourcecode.swift; path = ImageService.swift; sourceTree = "<group>"; };
		2061C9BF28173D8400AEEFDD /* BuildCoinImageViewModel.swift */ = {isa = PBXFileReference; lastKnownFileType = sourcecode.swift; path = BuildCoinImageViewModel.swift; sourceTree = "<group>"; };
		206D46BD281582F500A9C176 /* PreviewProvider.swift */ = {isa = PBXFileReference; lastKnownFileType = sourcecode.swift; path = PreviewProvider.swift; sourceTree = "<group>"; };
		206D46C0281587CC00A9C176 /* CoinRowView.swift */ = {isa = PBXFileReference; lastKnownFileType = sourcecode.swift; path = CoinRowView.swift; sourceTree = "<group>"; };
		206D46C328158CCC00A9C176 /* Double.swift */ = {isa = PBXFileReference; lastKnownFileType = sourcecode.swift; path = Double.swift; sourceTree = "<group>"; };
		20D6C99F2816D225008A377B /* CoinDataService.swift */ = {isa = PBXFileReference; lastKnownFileType = sourcecode.swift; path = CoinDataService.swift; sourceTree = "<group>"; };
		20D6C9AD2816DC28008A377B /* ApiError.swift */ = {isa = PBXFileReference; lastKnownFileType = sourcecode.swift; path = ApiError.swift; sourceTree = "<group>"; };
		20E8C7C02816AB9000530F1D /* HomeScreenViewModel.swift */ = {isa = PBXFileReference; lastKnownFileType = sourcecode.swift; path = HomeScreenViewModel.swift; sourceTree = "<group>"; };
		20F1CCEB28189EA8007AC178 /* SearchBarView.swift */ = {isa = PBXFileReference; lastKnownFileType = sourcecode.swift; path = SearchBarView.swift; sourceTree = "<group>"; };
		20F1CCEE2818A397007AC178 /* UIApplicationExtension.swift */ = {isa = PBXFileReference; lastKnownFileType = sourcecode.swift; path = UIApplicationExtension.swift; sourceTree = "<group>"; };
		20F1CCF42818AFD5007AC178 /* StatisticsModel.swift */ = {isa = PBXFileReference; lastKnownFileType = sourcecode.swift; path = StatisticsModel.swift; sourceTree = "<group>"; };
		20F1CCF72818B124007AC178 /* StatisticsView.swift */ = {isa = PBXFileReference; lastKnownFileType = sourcecode.swift; path = StatisticsView.swift; sourceTree = "<group>"; };
		20F1CCFA2818B485007AC178 /* HomeStatsScreen.swift */ = {isa = PBXFileReference; lastKnownFileType = sourcecode.swift; path = HomeStatsScreen.swift; sourceTree = "<group>"; };
		20F1CD012818BB29007AC178 /* MarketDataService.swift */ = {isa = PBXFileReference; lastKnownFileType = sourcecode.swift; path = MarketDataService.swift; sourceTree = "<group>"; };
		20F44504281707B800CA05B6 /* NetworkServiceProtocol.swift */ = {isa = PBXFileReference; lastKnownFileType = sourcecode.swift; path = NetworkServiceProtocol.swift; sourceTree = "<group>"; };
		20F44507281708C200CA05B6 /* NetworkService.swift */ = {isa = PBXFileReference; lastKnownFileType = sourcecode.swift; path = NetworkService.swift; sourceTree = "<group>"; };
		20FA79C52818362C00F94E33 /* LocalFileManager.swift */ = {isa = PBXFileReference; lastKnownFileType = sourcecode.swift; path = LocalFileManager.swift; sourceTree = "<group>"; };
/* End PBXFileReference section */

/* Begin PBXFrameworksBuildPhase section */
		202F96AB281563C600CF7330 /* Frameworks */ = {
			isa = PBXFrameworksBuildPhase;
			buildActionMask = 2147483647;
			files = (
			);
			runOnlyForDeploymentPostprocessing = 0;
		};
/* End PBXFrameworksBuildPhase section */

/* Begin PBXGroup section */
		2018F90928171C1500FF7424 /* States */ = {
			isa = PBXGroup;
			children = (
				2018F90A28171C2C00FF7424 /* ApiResponseState.swift */,
			);
			path = States;
			sourceTree = "<group>";
		};
		2018F90F2817378E00FF7424 /* Components */ = {
			isa = PBXGroup;
			children = (
				2061C9BE28173D6500AEEFDD /* ViewModels */,
				2018F910281737AE00FF7424 /* BuildCoinImage.swift */,
				20370F17281C23E200683480 /* XMarkButton.swift */,
				20370F1A281C290200683480 /* CoinLogo.swift */,
			);
			path = Components;
			sourceTree = "<group>";
		};
		202F96A5281563C600CF7330 = {
			isa = PBXGroup;
			children = (
				202F96B0281563C600CF7330 /* CryptoTracker */,
				202F96AF281563C600CF7330 /* Products */,
			);
			sourceTree = "<group>";
		};
		202F96AF281563C600CF7330 /* Products */ = {
			isa = PBXGroup;
			children = (
				202F96AE281563C600CF7330 /* CryptoTracker.app */,
			);
			name = Products;
			sourceTree = "<group>";
		};
		202F96B0281563C600CF7330 /* CryptoTracker */ = {
			isa = PBXGroup;
			children = (
				20FA79C42818360F00F94E33 /* Storage */,
				2018F90928171C1500FF7424 /* States */,
				20D6C9AC2816DC16008A377B /* Errors */,
				20D6C99E2816D1A7008A377B /* Services */,
				202F96F428156C3600CF7330 /* Screens */,
				202F96C32815640100CF7330 /* Models */,
				202F96CB2815665800CF7330 /* Extensions */,
				202F96C8281565D400CF7330 /* Assets.xcassets */,
				202F96B1281563C600CF7330 /* CryptoTrackerApp.swift */,
				202F96B3281563C600CF7330 /* ContentView.swift */,
				202F96BA281563C800CF7330 /* Info.plist */,
				202F96B7281563C800CF7330 /* Preview Content */,
			);
			path = CryptoTracker;
			sourceTree = "<group>";
		};
		202F96B7281563C800CF7330 /* Preview Content */ = {
			isa = PBXGroup;
			children = (
				202F96B8281563C800CF7330 /* Preview Assets.xcassets */,
			);
			path = "Preview Content";
			sourceTree = "<group>";
		};
		202F96C32815640100CF7330 /* Models */ = {
			isa = PBXGroup;
			children = (
				202F96E0281566BF00CF7330 /* PortfolioContainer.xcdatamodeld */,
				202F96DB2815669300CF7330 /* CoinDetailModel.swift */,
				202F96DA2815669300CF7330 /* CoinModel.swift */,
				202F96D92815669300CF7330 /* MarketDataModel.swift */,
				20F1CCF42818AFD5007AC178 /* StatisticsModel.swift */,
			);
			path = Models;
			sourceTree = "<group>";
		};
		202F96CB2815665800CF7330 /* Extensions */ = {
			isa = PBXGroup;
			children = (
				202F96D12815665800CF7330 /* Color.swift */,
				206D46BD281582F500A9C176 /* PreviewProvider.swift */,
				206D46C328158CCC00A9C176 /* Double.swift */,
				20F1CCEE2818A397007AC178 /* UIApplicationExtension.swift */,
			);
			path = Extensions;
			sourceTree = "<group>";
		};
		202F96F428156C3600CF7330 /* Screens */ = {
			isa = PBXGroup;
			children = (
				2018F90F2817378E00FF7424 /* Components */,
				202F96F528156C4700CF7330 /* Home */,
			);
			path = Screens;
			sourceTree = "<group>";
		};
		202F96F528156C4700CF7330 /* Home */ = {
			isa = PBXGroup;
			children = (
				202F96FB28156CA600CF7330 /* ViewModels */,
				202F96FA28156C9C00CF7330 /* Components */,
				202F96F628156C6100CF7330 /* HomeScreen.swift */,
				20F1CCFA2818B485007AC178 /* HomeStatsScreen.swift */,
				20370F14281C1DF800683480 /* PortfolioScreen.swift */,
			);
			path = Home;
			sourceTree = "<group>";
		};
		202F96FA28156C9C00CF7330 /* Components */ = {
			isa = PBXGroup;
			children = (
				202F96FD2815705600CF7330 /* BuildCircleButton.swift */,
				202F97002815743700CF7330 /* BuildCircleButtonAnimation.swift */,
				206D46C0281587CC00A9C176 /* CoinRowView.swift */,
				20F1CCEB28189EA8007AC178 /* SearchBarView.swift */,
				20F1CCF72818B124007AC178 /* StatisticsView.swift */,
			);
			path = Components;
			sourceTree = "<group>";
		};
		202F96FB28156CA600CF7330 /* ViewModels */ = {
			isa = PBXGroup;
			children = (
				20E8C7C02816AB9000530F1D /* HomeScreenViewModel.swift */,
			);
			path = ViewModels;
			sourceTree = "<group>";
		};
		2061C9BE28173D6500AEEFDD /* ViewModels */ = {
			isa = PBXGroup;
			children = (
				2061C9BF28173D8400AEEFDD /* BuildCoinImageViewModel.swift */,
			);
			path = ViewModels;
			sourceTree = "<group>";
		};
		20D6C99E2816D1A7008A377B /* Services */ = {
			isa = PBXGroup;
			children = (
				20F445032817079600CA05B6 /* NetworkLayer */,
				20D6C99F2816D225008A377B /* CoinDataService.swift */,
				2061C9BB28173AEE00AEEFDD /* ImageService.swift */,
				20F1CD012818BB29007AC178 /* MarketDataService.swift */,
			);
			path = Services;
			sourceTree = "<group>";
		};
		20D6C9AC2816DC16008A377B /* Errors */ = {
			isa = PBXGroup;
			children = (
				20D6C9AD2816DC28008A377B /* ApiError.swift */,
			);
			path = Errors;
			sourceTree = "<group>";
		};
		20F445032817079600CA05B6 /* NetworkLayer */ = {
			isa = PBXGroup;
			children = (
				20F44504281707B800CA05B6 /* NetworkServiceProtocol.swift */,
				20F44507281708C200CA05B6 /* NetworkService.swift */,
				2018F90528171ACB00FF7424 /* EndPoints.swift */,
			);
			path = NetworkLayer;
			sourceTree = "<group>";
		};
		20FA79C42818360F00F94E33 /* Storage */ = {
			isa = PBXGroup;
			children = (
				20FA79C52818362C00F94E33 /* LocalFileManager.swift */,
			);
			path = Storage;
			sourceTree = "<group>";
		};
/* End PBXGroup section */

/* Begin PBXNativeTarget section */
		202F96AD281563C600CF7330 /* CryptoTracker */ = {
			isa = PBXNativeTarget;
			buildConfigurationList = 202F96BD281563C800CF7330 /* Build configuration list for PBXNativeTarget "CryptoTracker" */;
			buildPhases = (
				202F96AA281563C600CF7330 /* Sources */,
				202F96AB281563C600CF7330 /* Frameworks */,
				202F96AC281563C600CF7330 /* Resources */,
			);
			buildRules = (
			);
			dependencies = (
			);
			name = CryptoTracker;
			productName = CryptoTracker;
			productReference = 202F96AE281563C600CF7330 /* CryptoTracker.app */;
			productType = "com.apple.product-type.application";
		};
/* End PBXNativeTarget section */

/* Begin PBXProject section */
		202F96A6281563C600CF7330 /* Project object */ = {
			isa = PBXProject;
			attributes = {
				LastSwiftUpdateCheck = 1200;
				LastUpgradeCheck = 1200;
				TargetAttributes = {
					202F96AD281563C600CF7330 = {
						CreatedOnToolsVersion = 12.0.1;
					};
				};
			};
			buildConfigurationList = 202F96A9281563C600CF7330 /* Build configuration list for PBXProject "CryptoTracker" */;
			compatibilityVersion = "Xcode 9.3";
			developmentRegion = en;
			hasScannedForEncodings = 0;
			knownRegions = (
				en,
				Base,
			);
			mainGroup = 202F96A5281563C600CF7330;
			productRefGroup = 202F96AF281563C600CF7330 /* Products */;
			projectDirPath = "";
			projectRoot = "";
			targets = (
				202F96AD281563C600CF7330 /* CryptoTracker */,
			);
		};
/* End PBXProject section */

/* Begin PBXResourcesBuildPhase section */
		202F96AC281563C600CF7330 /* Resources */ = {
			isa = PBXResourcesBuildPhase;
			buildActionMask = 2147483647;
			files = (
				202F96C9281565D400CF7330 /* Assets.xcassets in Resources */,
				202F96B9281563C800CF7330 /* Preview Assets.xcassets in Resources */,
			);
			runOnlyForDeploymentPostprocessing = 0;
		};
/* End PBXResourcesBuildPhase section */

/* Begin PBXSourcesBuildPhase section */
		202F96AA281563C600CF7330 /* Sources */ = {
			isa = PBXSourcesBuildPhase;
			buildActionMask = 2147483647;
			files = (
				206D46C1281587CC00A9C176 /* CoinRowView.swift in Sources */,
				20F1CCFB2818B485007AC178 /* HomeStatsScreen.swift in Sources */,
				20370F15281C1DF800683480 /* PortfolioScreen.swift in Sources */,
				20370F1B281C290200683480 /* CoinLogo.swift in Sources */,
				20D6C9AE2816DC28008A377B /* ApiError.swift in Sources */,
				2018F911281737AE00FF7424 /* BuildCoinImage.swift in Sources */,
				202F96DD2815669300CF7330 /* CoinModel.swift in Sources */,
				20F1CD022818BB29007AC178 /* MarketDataService.swift in Sources */,
				202F96B4281563C600CF7330 /* ContentView.swift in Sources */,
				20F1CCF52818AFD5007AC178 /* StatisticsModel.swift in Sources */,
				20F1CCEC28189EA8007AC178 /* SearchBarView.swift in Sources */,
				20D6C9A02816D225008A377B /* CoinDataService.swift in Sources */,
				20370F18281C23E200683480 /* XMarkButton.swift in Sources */,
				202F96DC2815669300CF7330 /* MarketDataModel.swift in Sources */,
				206D46C428158CCC00A9C176 /* Double.swift in Sources */,
				202F96FE2815705600CF7330 /* BuildCircleButton.swift in Sources */,
				2018F90628171ACB00FF7424 /* EndPoints.swift in Sources */,
				202F97012815743700CF7330 /* BuildCircleButtonAnimation.swift in Sources */,
				202F96DE2815669300CF7330 /* CoinDetailModel.swift in Sources */,
				206D46BE281582F500A9C176 /* PreviewProvider.swift in Sources */,
				20E8C7C12816AB9000530F1D /* HomeScreenViewModel.swift in Sources */,
				202F96F728156C6100CF7330 /* HomeScreen.swift in Sources */,
				20F1CCF82818B124007AC178 /* StatisticsView.swift in Sources */,
				20F44505281707B800CA05B6 /* NetworkServiceProtocol.swift in Sources */,
				20F44508281708C200CA05B6 /* NetworkService.swift in Sources */,
				202F96E2281566BF00CF7330 /* PortfolioContainer.xcdatamodeld in Sources */,
				202F96D72815665800CF7330 /* Color.swift in Sources */,
				2061C9BC28173AEE00AEEFDD /* ImageService.swift in Sources */,
				202F96B2281563C600CF7330 /* CryptoTrackerApp.swift in Sources */,
				20F1CCEF2818A397007AC178 /* UIApplicationExtension.swift in Sources */,
				2061C9C028173D8400AEEFDD /* BuildCoinImageViewModel.swift in Sources */,
				2018F90B28171C2C00FF7424 /* ApiResponseState.swift in Sources */,
				20FA79C62818362C00F94E33 /* LocalFileManager.swift in Sources */,
			);
			runOnlyForDeploymentPostprocessing = 0;
		};
/* End PBXSourcesBuildPhase section */

/* Begin XCBuildConfiguration section */
		202F96BB281563C800CF7330 /* Debug */ = {
			isa = XCBuildConfiguration;
			buildSettings = {
				ALWAYS_SEARCH_USER_PATHS = NO;
				CLANG_ANALYZER_NONNULL = YES;
				CLANG_ANALYZER_NUMBER_OBJECT_CONVERSION = YES_AGGRESSIVE;
				CLANG_CXX_LANGUAGE_STANDARD = "gnu++14";
				CLANG_CXX_LIBRARY = "libc++";
				CLANG_ENABLE_MODULES = YES;
				CLANG_ENABLE_OBJC_ARC = YES;
				CLANG_ENABLE_OBJC_WEAK = YES;
				CLANG_WARN_BLOCK_CAPTURE_AUTORELEASING = YES;
				CLANG_WARN_BOOL_CONVERSION = YES;
				CLANG_WARN_COMMA = YES;
				CLANG_WARN_CONSTANT_CONVERSION = YES;
				CLANG_WARN_DEPRECATED_OBJC_IMPLEMENTATIONS = YES;
				CLANG_WARN_DIRECT_OBJC_ISA_USAGE = YES_ERROR;
				CLANG_WARN_DOCUMENTATION_COMMENTS = YES;
				CLANG_WARN_EMPTY_BODY = YES;
				CLANG_WARN_ENUM_CONVERSION = YES;
				CLANG_WARN_INFINITE_RECURSION = YES;
				CLANG_WARN_INT_CONVERSION = YES;
				CLANG_WARN_NON_LITERAL_NULL_CONVERSION = YES;
				CLANG_WARN_OBJC_IMPLICIT_RETAIN_SELF = YES;
				CLANG_WARN_OBJC_LITERAL_CONVERSION = YES;
				CLANG_WARN_OBJC_ROOT_CLASS = YES_ERROR;
				CLANG_WARN_QUOTED_INCLUDE_IN_FRAMEWORK_HEADER = YES;
				CLANG_WARN_RANGE_LOOP_ANALYSIS = YES;
				CLANG_WARN_STRICT_PROTOTYPES = YES;
				CLANG_WARN_SUSPICIOUS_MOVE = YES;
				CLANG_WARN_UNGUARDED_AVAILABILITY = YES_AGGRESSIVE;
				CLANG_WARN_UNREACHABLE_CODE = YES;
				CLANG_WARN__DUPLICATE_METHOD_MATCH = YES;
				COPY_PHASE_STRIP = NO;
				DEBUG_INFORMATION_FORMAT = dwarf;
				ENABLE_STRICT_OBJC_MSGSEND = YES;
				ENABLE_TESTABILITY = YES;
				GCC_C_LANGUAGE_STANDARD = gnu11;
				GCC_DYNAMIC_NO_PIC = NO;
				GCC_NO_COMMON_BLOCKS = YES;
				GCC_OPTIMIZATION_LEVEL = 0;
				GCC_PREPROCESSOR_DEFINITIONS = (
					"DEBUG=1",
					"$(inherited)",
				);
				GCC_WARN_64_TO_32_BIT_CONVERSION = YES;
				GCC_WARN_ABOUT_RETURN_TYPE = YES_ERROR;
				GCC_WARN_UNDECLARED_SELECTOR = YES;
				GCC_WARN_UNINITIALIZED_AUTOS = YES_AGGRESSIVE;
				GCC_WARN_UNUSED_FUNCTION = YES;
				GCC_WARN_UNUSED_VARIABLE = YES;
				IPHONEOS_DEPLOYMENT_TARGET = 14.0;
				MTL_ENABLE_DEBUG_INFO = INCLUDE_SOURCE;
				MTL_FAST_MATH = YES;
				ONLY_ACTIVE_ARCH = YES;
				SDKROOT = iphoneos;
				SWIFT_ACTIVE_COMPILATION_CONDITIONS = DEBUG;
				SWIFT_OPTIMIZATION_LEVEL = "-Onone";
			};
			name = Debug;
		};
		202F96BC281563C800CF7330 /* Release */ = {
			isa = XCBuildConfiguration;
			buildSettings = {
				ALWAYS_SEARCH_USER_PATHS = NO;
				CLANG_ANALYZER_NONNULL = YES;
				CLANG_ANALYZER_NUMBER_OBJECT_CONVERSION = YES_AGGRESSIVE;
				CLANG_CXX_LANGUAGE_STANDARD = "gnu++14";
				CLANG_CXX_LIBRARY = "libc++";
				CLANG_ENABLE_MODULES = YES;
				CLANG_ENABLE_OBJC_ARC = YES;
				CLANG_ENABLE_OBJC_WEAK = YES;
				CLANG_WARN_BLOCK_CAPTURE_AUTORELEASING = YES;
				CLANG_WARN_BOOL_CONVERSION = YES;
				CLANG_WARN_COMMA = YES;
				CLANG_WARN_CONSTANT_CONVERSION = YES;
				CLANG_WARN_DEPRECATED_OBJC_IMPLEMENTATIONS = YES;
				CLANG_WARN_DIRECT_OBJC_ISA_USAGE = YES_ERROR;
				CLANG_WARN_DOCUMENTATION_COMMENTS = YES;
				CLANG_WARN_EMPTY_BODY = YES;
				CLANG_WARN_ENUM_CONVERSION = YES;
				CLANG_WARN_INFINITE_RECURSION = YES;
				CLANG_WARN_INT_CONVERSION = YES;
				CLANG_WARN_NON_LITERAL_NULL_CONVERSION = YES;
				CLANG_WARN_OBJC_IMPLICIT_RETAIN_SELF = YES;
				CLANG_WARN_OBJC_LITERAL_CONVERSION = YES;
				CLANG_WARN_OBJC_ROOT_CLASS = YES_ERROR;
				CLANG_WARN_QUOTED_INCLUDE_IN_FRAMEWORK_HEADER = YES;
				CLANG_WARN_RANGE_LOOP_ANALYSIS = YES;
				CLANG_WARN_STRICT_PROTOTYPES = YES;
				CLANG_WARN_SUSPICIOUS_MOVE = YES;
				CLANG_WARN_UNGUARDED_AVAILABILITY = YES_AGGRESSIVE;
				CLANG_WARN_UNREACHABLE_CODE = YES;
				CLANG_WARN__DUPLICATE_METHOD_MATCH = YES;
				COPY_PHASE_STRIP = NO;
				DEBUG_INFORMATION_FORMAT = "dwarf-with-dsym";
				ENABLE_NS_ASSERTIONS = NO;
				ENABLE_STRICT_OBJC_MSGSEND = YES;
				GCC_C_LANGUAGE_STANDARD = gnu11;
				GCC_NO_COMMON_BLOCKS = YES;
				GCC_WARN_64_TO_32_BIT_CONVERSION = YES;
				GCC_WARN_ABOUT_RETURN_TYPE = YES_ERROR;
				GCC_WARN_UNDECLARED_SELECTOR = YES;
				GCC_WARN_UNINITIALIZED_AUTOS = YES_AGGRESSIVE;
				GCC_WARN_UNUSED_FUNCTION = YES;
				GCC_WARN_UNUSED_VARIABLE = YES;
				IPHONEOS_DEPLOYMENT_TARGET = 14.0;
				MTL_ENABLE_DEBUG_INFO = NO;
				MTL_FAST_MATH = YES;
				SDKROOT = iphoneos;
				SWIFT_COMPILATION_MODE = wholemodule;
				SWIFT_OPTIMIZATION_LEVEL = "-O";
				VALIDATE_PRODUCT = YES;
			};
			name = Release;
		};
		202F96BE281563C800CF7330 /* Debug */ = {
			isa = XCBuildConfiguration;
			buildSettings = {
				ASSETCATALOG_COMPILER_APPICON_NAME = AppIcon;
				ASSETCATALOG_COMPILER_GLOBAL_ACCENT_COLOR_NAME = AccentColor;
				CODE_SIGN_STYLE = Automatic;
				DEVELOPMENT_ASSET_PATHS = "\"CryptoTracker/Preview Content\"";
				DEVELOPMENT_TEAM = NU3G84AM77;
				ENABLE_PREVIEWS = YES;
				INFOPLIST_FILE = CryptoTracker/Info.plist;
				IPHONEOS_DEPLOYMENT_TARGET = 14.0;
				LD_RUNPATH_SEARCH_PATHS = (
					"$(inherited)",
					"@executable_path/Frameworks",
				);
				PRODUCT_BUNDLE_IDENTIFIER = collins.CryptoTracker;
				PRODUCT_NAME = "$(TARGET_NAME)";
				SWIFT_VERSION = 5.0;
				TARGETED_DEVICE_FAMILY = "1,2";
			};
			name = Debug;
		};
		202F96BF281563C800CF7330 /* Release */ = {
			isa = XCBuildConfiguration;
			buildSettings = {
				ASSETCATALOG_COMPILER_APPICON_NAME = AppIcon;
				ASSETCATALOG_COMPILER_GLOBAL_ACCENT_COLOR_NAME = AccentColor;
				CODE_SIGN_STYLE = Automatic;
				DEVELOPMENT_ASSET_PATHS = "\"CryptoTracker/Preview Content\"";
				DEVELOPMENT_TEAM = NU3G84AM77;
				ENABLE_PREVIEWS = YES;
				INFOPLIST_FILE = CryptoTracker/Info.plist;
				IPHONEOS_DEPLOYMENT_TARGET = 14.0;
				LD_RUNPATH_SEARCH_PATHS = (
					"$(inherited)",
					"@executable_path/Frameworks",
				);
				PRODUCT_BUNDLE_IDENTIFIER = collins.CryptoTracker;
				PRODUCT_NAME = "$(TARGET_NAME)";
				SWIFT_VERSION = 5.0;
				TARGETED_DEVICE_FAMILY = "1,2";
			};
			name = Release;
		};
/* End XCBuildConfiguration section */

/* Begin XCConfigurationList section */
		202F96A9281563C600CF7330 /* Build configuration list for PBXProject "CryptoTracker" */ = {
			isa = XCConfigurationList;
			buildConfigurations = (
				202F96BB281563C800CF7330 /* Debug */,
				202F96BC281563C800CF7330 /* Release */,
			);
			defaultConfigurationIsVisible = 0;
			defaultConfigurationName = Release;
		};
		202F96BD281563C800CF7330 /* Build configuration list for PBXNativeTarget "CryptoTracker" */ = {
			isa = XCConfigurationList;
			buildConfigurations = (
				202F96BE281563C800CF7330 /* Debug */,
				202F96BF281563C800CF7330 /* Release */,
			);
			defaultConfigurationIsVisible = 0;
			defaultConfigurationName = Release;
		};
/* End XCConfigurationList section */

/* Begin XCVersionGroup section */
		202F96E0281566BF00CF7330 /* PortfolioContainer.xcdatamodeld */ = {
			isa = XCVersionGroup;
			children = (
				202F96E1281566BF00CF7330 /* PortfolioContainer.xcdatamodel */,
			);
			currentVersion = 202F96E1281566BF00CF7330 /* PortfolioContainer.xcdatamodel */;
			path = PortfolioContainer.xcdatamodeld;
			sourceTree = "<group>";
			versionGroupType = wrapper.xcdatamodel;
		};
/* End XCVersionGroup section */
	};
	rootObject = 202F96A6281563C600CF7330 /* Project object */;
}
